
Microsoft Visual Studio Solution File, Format Version 12.00
# Visual Studio 15
VisualStudioVersion = 15.0.27130.2036
MinimumVisualStudioVersion = 10.0.40219.1
Project("{9A19103F-16F7-4668-BE54-9A1E7A4F7556}") = "SampleCore", "SampleCore\SampleCore.csproj", "{81705E10-9BC5-4AD9-B90E-9DFC0A9B8300}"
EndProject
Project("{9A19103F-16F7-4668-BE54-9A1E7A4F7556}") = "SampleCore.Tests", "SampleCore.Tests\SampleCore.Tests.csproj", "{C3B5FC43-A263-4B18-B548-EEA094ACD352}"
EndProject
Global
	GlobalSection(SolutionConfigurationPlatforms) = preSolution
		Debug|Any CPU = Debug|Any CPU
		Release|Any CPU = Release|Any CPU
	EndGlobalSection
	GlobalSection(ProjectConfigurationPlatforms) = postSolution
		{81705E10-9BC5-4AD9-B90E-9DFC0A9B8300}.Debug|Any CPU.ActiveCfg = Debug|Any CPU
		{81705E10-9BC5-4AD9-B90E-9DFC0A9B8300}.Debug|Any CPU.Build.0 = Debug|Any CPU
		{81705E10-9BC5-4AD9-B90E-9DFC0A9B8300}.Release|Any CPU.ActiveCfg = Release|Any CPU
		{81705E10-9BC5-4AD9-B90E-9DFC0A9B8300}.Release|Any CPU.Build.0 = Release|Any CPU
		{C3B5FC43-A263-4B18-B548-EEA094ACD352}.Debug|Any CPU.ActiveCfg = Debug|Any CPU
		{C3B5FC43-A263-4B18-B548-EEA094ACD352}.Debug|Any CPU.Build.0 = Debug|Any CPU
		{C3B5FC43-A263-4B18-B548-EEA094ACD352}.Release|Any CPU.ActiveCfg = Release|Any CPU
		{C3B5FC43-A263-4B18-B548-EEA094ACD352}.Release|Any CPU.Build.0 = Release|Any CPU
	EndGlobalSection
	GlobalSection(SolutionProperties) = preSolution
		HideSolutionNode = FALSE
	EndGlobalSection
	GlobalSection(ExtensibilityGlobals) = postSolution
		SolutionGuid = {FD237850-EB16-4DB5-B578-9DE23B228714}
	EndGlobalSection
EndGlobal
